Microsoft Visual Studio Solution File, Format Version 12.00
# Visual Studio Version 17
VisualStudioVersion = 17.5.2.0
MinimumVisualStudioVersion = 10.0.40219.1
Project("{FAE04EC0-301F-11D3-BF4B-00C04F79EFBC}") = "please-scan-web", "please-scan-web.csproj", "{CC59225C-1CD4-22FB-25C9-4B862ACDC11C}"
EndProject
Global
	GlobalSection(SolutionConfigurationPlatforms) = preSolution
		Debug|Any CPU = Debug|Any CPU
		Release|Any CPU = Release|Any CPU
	EndGlobalSection
	GlobalSection(ProjectConfigurationPlatforms) = postSolution
		{CC59225C-1CD4-22FB-25C9-4B862ACDC11C}.Debug|Any CPU.ActiveCfg = Debug|Any CPU
		{CC59225C-1CD4-22FB-25C9-4B862ACDC11C}.Debug|Any CPU.Build.0 = Debug|Any CPU
		{CC59225C-1CD4-22FB-25C9-4B862ACDC11C}.Release|Any CPU.ActiveCfg = Release|Any CPU
		{CC59225C-1CD4-22FB-25C9-4B862ACDC11C}.Release|Any CPU.Build.0 = Release|Any CPU
	EndGlobalSection
	GlobalSection(SolutionProperties) = preSolution
		HideSolutionNode = FALSE
	EndGlobalSection
	GlobalSection(ExtensibilityGlobals) = postSolution
		SolutionGuid = {5AA0CC7E-ADDE-4C3D-9112-C5BCCFB2A459}
	EndGlobalSection
EndGlobal
